// !$*UTF8*$!
{
	archiveVersion = 1;
	classes = {
	};
	objectVersion = 50;
	objects = {

/* Begin PBXBuildFile section */
		9570CCFC2344CCFC0052D01A /* AppDelegate.swift in Sources */ = {isa = PBXBuildFile; fileRef = 9570CCFB2344CCFC0052D01A /* AppDelegate.swift */; };
		9570CCFE2344CCFC0052D01A /* SceneDelegate.swift in Sources */ = {isa = PBXBuildFile; fileRef = 9570CCFD2344CCFC0052D01A /* SceneDelegate.swift */; };
		9570CD002344CCFC0052D01A /* ContentView.swift in Sources */ = {isa = PBXBuildFile; fileRef = 9570CCFF2344CCFC0052D01A /* ContentView.swift */; };
		9570CD022344CCFD0052D01A /* Assets.xcassets in Resources */ = {isa = PBXBuildFile; fileRef = 9570CD012344CCFD0052D01A /* Assets.xcassets */; };
		9570CD052344CCFD0052D01A /* Preview Assets.xcassets in Resources */ = {isa = PBXBuildFile; fileRef = 9570CD042344CCFD0052D01A /* Preview Assets.xcassets */; };
		9570CD082344CCFD0052D01A /* LaunchScreen.storyboard in Resources */ = {isa = PBXBuildFile; fileRef = 9570CD062344CCFD0052D01A /* LaunchScreen.storyboard */; };
/* End PBXBuildFile section */

/* Begin PBXFileReference section */
		9570CCF82344CCFC0052D01A /* WorkingWithTheLists.app */ = {isa = PBXFileReference; explicitFileType = wrapper.application; includeInIndex = 0; path = WorkingWithTheLists.app; sourceTree = BUILT_PRODUCTS_DIR; };
		9570CCFB2344CCFC0052D01A /* AppDelegate.swift */ = {isa = PBXFileReference; lastKnownFileType = sourcecode.swift; path = AppDelegate.swift; sourceTree = "<group>"; };
		9570CCFD2344CCFC0052D01A /* SceneDelegate.swift */ = {isa = PBXFileReference; lastKnownFileType = sourcecode.swift; path = SceneDelegate.swift; sourceTree = "<group>"; };
		9570CCFF2344CCFC0052D01A /* ContentView.swift */ = {isa = PBXFileReference; lastKnownFileType = sourcecode.swift; path = ContentView.swift; sourceTree = "<group>"; };
		9570CD012344CCFD0052D01A /* Assets.xcassets */ = {isa = PBXFileReference; lastKnownFileType = folder.assetcatalog; path = Assets.xcassets; sourceTree = "<group>"; };
		9570CD042344CCFD0052D01A /* Preview Assets.xcassets */ = {isa = PBXFileReference; lastKnownFileType = folder.assetcatalog; path = "Preview Assets.xcassets"; sourceTree = "<group>"; };
		9570CD072344CCFD0052D01A /* Base */ = {isa = PBXFileReference; lastKnownFileType = file.storyboard; name = Base; path = Base.lproj/LaunchScreen.storyboard; sourceTree = "<group>"; };
		9570CD092344CCFD0052D01A /* Info.plist */ = {isa = PBXFileReference; lastKnownFileType = text.plist.xml; path = Info.plist; sourceTree = "<group>"; };
/* End PBXFileReference section */

/* Begin PBXFrameworksBuildPhase section */
		9570CCF52344CCFC0052D01A /* Frameworks */ = {
			isa = PBXFrameworksBuildPhase;
			buildActionMask = 2147483647;
			files = (
			);
			runOnlyForDeploymentPostprocessing = 0;
		};
/* End PBXFrameworksBuildPhase section */

/* Begin PBXGroup section */
		9570CCEF2344CCFC0052D01A = {
			isa = PBXGroup;
			children = (
				9570CCFA2344CCFC0052D01A /* WorkingWithTheLists */,
				9570CCF92344CCFC0052D01A /* Products */,
			);
			sourceTree = "<group>";
		};
		9570CCF92344CCFC0052D01A /* Products */ = {
			isa = PBXGroup;
			children = (
				9570CCF82344CCFC0052D01A /* WorkingWithTheLists.app */,
			);
			name = Products;
			sourceTree = "<group>";
		};
		9570CCFA2344CCFC0052D01A /* WorkingWithTheLists */ = {
			isa = PBXGroup;
			children = (
				9570CCFB2344CCFC0052D01A /* AppDelegate.swift */,
				9570CCFD2344CCFC0052D01A /* SceneDelegate.swift */,
				9570CCFF2344CCFC0052D01A /* ContentView.swift */,
				9570CD012344CCFD0052D01A /* Assets.xcassets */,
				9570CD062344CCFD0052D01A /* LaunchScreen.storyboard */,
				9570CD092344CCFD0052D01A /* Info.plist */,
				9570CD032344CCFD0052D01A /* Preview Content */,
			);
			path = WorkingWithTheLists;
			sourceTree = "<group>";
		};
		9570CD032344CCFD0052D01A /* Preview Content */ = {
			isa = PBXGroup;
			children = (
				9570CD042344CCFD0052D01A /* Preview Assets.xcassets */,
			);
			path = "Preview Content";
			sourceTree = "<group>";
		};
/* End PBXGroup section */

/* Begin PBXNativeTarget section */
		9570CCF72344CCFC0052D01A /* WorkingWithTheLists */ = {
			isa = PBXNativeTarget;
			buildConfigurationList = 9570CD0C2344CCFD0052D01A /* Build configuration list for PBXNativeTarget "WorkingWithTheLists" */;
			buildPhases = (
				9570CCF42344CCFC0052D01A /* Sources */,
				9570CCF52344CCFC0052D01A /* Frameworks */,
				9570CCF62344CCFC0052D01A /* Resources */,
			);
			buildRules = (
			);
			dependencies = (
			);
			name = WorkingWithTheLists;
			productName = WorkingWithTheLists;
			productReference = 9570CCF82344CCFC0052D01A /* WorkingWithTheLists.app */;
			productType = "com.apple.product-type.application";
		};
/* End PBXNativeTarget section */

/* Begin PBXProject section */
		9570CCF02344CCFC0052D01A /* Project object */ = {
			isa = PBXProject;
			attributes = {
				LastSwiftUpdateCheck = 1100;
				LastUpgradeCheck = 1100;
				ORGANIZATIONNAME = com.ri;
				TargetAttributes = {
					9570CCF72344CCFC0052D01A = {
						CreatedOnToolsVersion = 11.0;
					};
				};
			};
			buildConfigurationList = 9570CCF32344CCFC0052D01A /* Build configuration list for PBXProject "WorkingWithTheLists" */;
			compatibilityVersion = "Xcode 9.3";
			developmentRegion = en;
			hasScannedForEncodings = 0;
			knownRegions = (
				en,
				Base,
			);
			mainGroup = 9570CCEF2344CCFC0052D01A;
			productRefGroup = 9570CCF92344CCFC0052D01A /* Products */;
			projectDirPath = "";
			projectRoot = "";
			targets = (
				9570CCF72344CCFC0052D01A /* WorkingWithTheLists */,
			);
		};
/* End PBXProject section */

/* Begin PBXResourcesBuildPhase section */
		9570CCF62344CCFC0052D01A /* Resources */ = {
			isa = PBXResourcesBuildPhase;
			buildActionMask = 2147483647;
			files = (
				9570CD082344CCFD0052D01A /* LaunchScreen.storyboard in Resources */,
				9570CD052344CCFD0052D01A /* Preview Assets.xcassets in Resources */,
				9570CD022344CCFD0052D01A /* Assets.xcassets in Resources */,
			);
			runOnlyForDeploymentPostprocessing = 0;
		};
/* End PBXResourcesBuildPhase section */

/* Begin PBXSourcesBuildPhase section */
		9570CCF42344CCFC0052D01A /* Sources */ = {
			isa = PBXSourcesBuildPhase;
			buildActionMask = 2147483647;
			files = (
				9570CCFC2344CCFC0052D01A /* AppDelegate.swift in Sources */,
				9570CCFE2344CCFC0052D01A /* SceneDelegate.swift in Sources */,
				9570CD002344CCFC0052D01A /* ContentView.swift in Sources */,
			);
			runOnlyForDeploymentPostprocessing = 0;
		};
/* End PBXSourcesBuildPhase section */

/* Begin PBXVariantGroup section */
		9570CD062344CCFD0052D01A /* LaunchScreen.storyboard */ = {
			isa = PBXVariantGroup;
			children = (
				9570CD072344CCFD0052D01A /* Base */,
			);
			name = LaunchScreen.storyboard;
			sourceTree = "<group>";
		};
/* End PBXVariantGroup section */

/* Begin XCBuildConfiguration section */
		9570CD0A2344CCFD0052D01A /* Debug */ = {
			isa = XCBuildConfiguration;
			buildSettings = {
				ALWAYS_SEARCH_USER_PATHS = NO;
				CLANG_ANALYZER_NONNULL = YES;
				CLANG_ANALYZER_NUMBER_OBJECT_CONVERSION = YES_AGGRESSIVE;
				CLANG_CXX_LANGUAGE_STANDARD = "gnu++14";
				CLANG_CXX_LIBRARY = "libc++";
				CLANG_ENABLE_MODULES = YES;
				CLANG_ENABLE_OBJC_ARC = YES;
				CLANG_ENABLE_OBJC_WEAK = YES;
				CLANG_WARN_BLOCK_CAPTURE_AUTORELEASING = YES;
				CLANG_WARN_BOOL_CONVERSION = YES;
				CLANG_WARN_COMMA = YES;
				CLANG_WARN_CONSTANT_CONVERSION = YES;
				CLANG_WARN_DEPRECATED_OBJC_IMPLEMENTATIONS = YES;
				CLANG_WARN_DIRECT_OBJC_ISA_USAGE = YES_ERROR;
				CLANG_WARN_DOCUMENTATION_COMMENTS = YES;
				CLANG_WARN_EMPTY_BODY = YES;
				CLANG_WARN_ENUM_CONVERSION = YES;
				CLANG_WARN_INFINITE_RECURSION = YES;
				CLANG_WARN_INT_CONVERSION = YES;
				CLANG_WARN_NON_LITERAL_NULL_CONVERSION = YES;
				CLANG_WARN_OBJC_IMPLICIT_RETAIN_SELF = YES;
				CLANG_WARN_OBJC_LITERAL_CONVERSION = YES;
				CLANG_WARN_OBJC_ROOT_CLASS = YES_ERROR;
				CLANG_WARN_RANGE_LOOP_ANALYSIS = YES;
				CLANG_WARN_STRICT_PROTOTYPES = YES;
				CLANG_WARN_SUSPICIOUS_MOVE = YES;
				CLANG_WARN_UNGUARDED_AVAILABILITY = YES_AGGRESSIVE;
				CLANG_WARN_UNREACHABLE_CODE = YES;
				CLANG_WARN__DUPLICATE_METHOD_MATCH = YES;
				COPY_PHASE_STRIP = NO;
				DEBUG_INFORMATION_FORMAT = dwarf;
				ENABLE_STRICT_OBJC_MSGSEND = YES;
				ENABLE_TESTABILITY = YES;
				GCC_C_LANGUAGE_STANDARD = gnu11;
				GCC_DYNAMIC_NO_PIC = NO;
				GCC_NO_COMMON_BLOCKS = YES;
				GCC_OPTIMIZATION_LEVEL = 0;
				GCC_PREPROCESSOR_DEFINITIONS = (
					"DEBUG=1",
					"$(inherited)",
				);
				GCC_WARN_64_TO_32_BIT_CONVERSION = YES;
				GCC_WARN_ABOUT_RETURN_TYPE = YES_ERROR;
				GCC_WARN_UNDECLARED_SELECTOR = YES;
				GCC_WARN_UNINITIALIZED_AUTOS = YES_AGGRESSIVE;
				GCC_WARN_UNUSED_FUNCTION = YES;
				GCC_WARN_UNUSED_VARIABLE = YES;
				IPHONEOS_DEPLOYMENT_TARGET = 13.0;
				MTL_ENABLE_DEBUG_INFO = INCLUDE_SOURCE;
				MTL_FAST_MATH = YES;
				ONLY_ACTIVE_ARCH = YES;
				SDKROOT = iphoneos;
				SWIFT_ACTIVE_COMPILATION_CONDITIONS = DEBUG;
				SWIFT_OPTIMIZATION_LEVEL = "-Onone";
			};
			name = Debug;
		};
		9570CD0B2344CCFD0052D01A /* Release */ = {
			isa = XCBuildConfiguration;
			buildSettings = {
				ALWAYS_SEARCH_USER_PATHS = NO;
				CLANG_ANALYZER_NONNULL = YES;
				CLANG_ANALYZER_NUMBER_OBJECT_CONVERSION = YES_AGGRESSIVE;
				CLANG_CXX_LANGUAGE_STANDARD = "gnu++14";
				CLANG_CXX_LIBRARY = "libc++";
				CLANG_ENABLE_MODULES = YES;
				CLANG_ENABLE_OBJC_ARC = YES;
				CLANG_ENABLE_OBJC_WEAK = YES;
				CLANG_WARN_BLOCK_CAPTURE_AUTORELEASING = YES;
				CLANG_WARN_BOOL_CONVERSION = YES;
				CLANG_WARN_COMMA = YES;
				CLANG_WARN_CONSTANT_CONVERSION = YES;
				CLANG_WARN_DEPRECATED_OBJC_IMPLEMENTATIONS = YES;
				CLANG_WARN_DIRECT_OBJC_ISA_USAGE = YES_ERROR;
				CLANG_WARN_DOCUMENTATION_COMMENTS = YES;
				CLANG_WARN_EMPTY_BODY = YES;
				CLANG_WARN_ENUM_CONVERSION = YES;
				CLANG_WARN_INFINITE_RECURSION = YES;
				CLANG_WARN_INT_CONVERSION = YES;
				CLANG_WARN_NON_LITERAL_NULL_CONVERSION = YES;
				CLANG_WARN_OBJC_IMPLICIT_RETAIN_SELF = YES;
				CLANG_WARN_OBJC_LITERAL_CONVERSION = YES;
				CLANG_WARN_OBJC_ROOT_CLASS = YES_ERROR;
				CLANG_WARN_RANGE_LOOP_ANALYSIS = YES;
				CLANG_WARN_STRICT_PROTOTYPES = YES;
				CLANG_WARN_SUSPICIOUS_MOVE = YES;
				CLANG_WARN_UNGUARDED_AVAILABILITY = YES_AGGRESSIVE;
				CLANG_WARN_UNREACHABLE_CODE = YES;
				CLANG_WARN__DUPLICATE_METHOD_MATCH = YES;
				COPY_PHASE_STRIP = NO;
				DEBUG_INFORMATION_FORMAT = "dwarf-with-dsym";
				ENABLE_NS_ASSERTIONS = NO;
				ENABLE_STRICT_OBJC_MSGSEND = YES;
				GCC_C_LANGUAGE_STANDARD = gnu11;
				GCC_NO_COMMON_BLOCKS = YES;
				GCC_WARN_64_TO_32_BIT_CONVERSION = YES;
				GCC_WARN_ABOUT_RETURN_TYPE = YES_ERROR;
				GCC_WARN_UNDECLARED_SELECTOR = YES;
				GCC_WARN_UNINITIALIZED_AUTOS = YES_AGGRESSIVE;
				GCC_WARN_UNUSED_FUNCTION = YES;
				GCC_WARN_UNUSED_VARIABLE = YES;
				IPHONEOS_DEPLOYMENT_TARGET = 13.0;
				MTL_ENABLE_DEBUG_INFO = NO;
				MTL_FAST_MATH = YES;
				SDKROOT = iphoneos;
				SWIFT_COMPILATION_MODE = wholemodule;
				SWIFT_OPTIMIZATION_LEVEL = "-O";
				VALIDATE_PRODUCT = YES;
			};
			name = Release;
		};
		9570CD0D2344CCFD0052D01A /* Debug */ = {
			isa = XCBuildConfiguration;
			buildSettings = {
				ASSETCATALOG_COMPILER_APPICON_NAME = AppIcon;
				CODE_SIGN_STYLE = Automatic;
				DEVELOPMENT_ASSET_PATHS = "\"WorkingWithTheLists/Preview Content\"";
				DEVELOPMENT_TEAM = L8W86DZDY2;
				ENABLE_PREVIEWS = YES;
				INFOPLIST_FILE = WorkingWithTheLists/Info.plist;
				LD_RUNPATH_SEARCH_PATHS = (
					"$(inherited)",
					"@executable_path/Frameworks",
				);
				PRODUCT_BUNDLE_IDENTIFIER = com.ri.WorkingWithTheLists;
				PRODUCT_NAME = "$(TARGET_NAME)";
				SWIFT_VERSION = 5.0;
				TARGETED_DEVICE_FAMILY = "1,2";
			};
			name = Debug;
		};
		9570CD0E2344CCFD0052D01A /* Release */ = {
			isa = XCBuildConfiguration;
			buildSettings = {
				ASSETCATALOG_COMPILER_APPICON_NAME = AppIcon;
				CODE_SIGN_STYLE = Automatic;
				DEVELOPMENT_ASSET_PATHS = "\"WorkingWithTheLists/Preview Content\"";
				DEVELOPMENT_TEAM = L8W86DZDY2;
				ENABLE_PREVIEWS = YES;
				INFOPLIST_FILE = WorkingWithTheLists/Info.plist;
				LD_RUNPATH_SEARCH_PATHS = (
					"$(inherited)",
					"@executable_path/Frameworks",
				);
				PRODUCT_BUNDLE_IDENTIFIER = com.ri.WorkingWithTheLists;
				PRODUCT_NAME = "$(TARGET_NAME)";
				SWIFT_VERSION = 5.0;
				TARGETED_DEVICE_FAMILY = "1,2";
			};
			name = Release;
		};
/* End XCBuildConfiguration section */

/* Begin XCConfigurationList section */
		9570CCF32344CCFC0052D01A /* Build configuration list for PBXProject "WorkingWithTheLists" */ = {
			isa = XCConfigurationList;
			buildConfigurations = (
				9570CD0A2344CCFD0052D01A /* Debug */,
				9570CD0B2344CCFD0052D01A /* Release */,
			);
			defaultConfigurationIsVisible = 0;
			defaultConfigurationName = Release;
		};
		9570CD0C2344CCFD0052D01A /* Build configuration list for PBXNativeTarget "WorkingWithTheLists" */ = {
			isa = XCConfigurationList;
			buildConfigurations = (
				9570CD0D2344CCFD0052D01A /* Debug */,
				9570CD0E2344CCFD0052D01A /* Release */,
			);
			defaultConfigurationIsVisible = 0;
			defaultConfigurationName = Release;
		};
/* End XCConfigurationList section */
	};
	rootObject = 9570CCF02344CCFC0052D01A /* Project object */;
}
